<?xml version="1.0" encoding="utf-8"?>
<Project ToolsVersion="4.0" xmlns="http://schemas.microsoft.com/developer/msbuild/2003">
  <ItemGroup>
    <Filter Include="include">
      <UniqueIdentifier>{93995380-89BD-4b04-88EB-625FBE52EBFB}</UniqueIdentifier>
      <Extensions>h;hh;hpp;hxx;hm;inl;inc;xsd</Extensions>
    </Filter>
    <Filter Include="src">
      <UniqueIdentifier>{4FC737F1-C7A5-4376-A066-2A32D752A2FF}</UniqueIdentifier>
      <Extensions>cpp;c;cc;cxx;def;odl;idl;hpj;bat;asm;asmx</Extensions>
    </Filter>
  </ItemGroup>
  <ItemGroup>
    <ClInclude Include="..\..\src\AdvertRequestPacket.h">
      <Filter>include</Filter>
    </ClInclude>
    <ClInclude Include="..\..\src\common.h">
      <Filter>include</Filter>
    </ClInclude>
    <ClInclude Include="..\..\src\Connection.h">
      <Filter>include</Filter>
    </ClInclude>
    <ClInclude Include="..\..\src\Constants.hpp">
      <Filter>include</Filter>
    </ClInclude>
    <ClInclude Include="..\..\src\EthernetHeader.h">
      <Filter>include</Filter>
    </ClInclude>
    <ClInclude Include="..\..\src\FileUtility.hpp">
      <Filter>include</Filter>
    </ClInclude>
    <ClInclude Include="..\..\src\PacketReceiving.hpp">
      <Filter>include</Filter>
    </ClInclude>
    <ClInclude Include="..\..\src\ReceivedPacketHandling.hpp">
      <Filter>include</Filter>
    </ClInclude>
    <ClInclude Include="..\..\src\SubsetAdvertPacket.h">
      <Filter>include</Filter>
    </ClInclude>
    <ClInclude Include="..\..\src\SummaryAdvertPacket.h">
      <Filter>include</Filter>
    </ClInclude>
    <ClInclude Include="..\..\src\Vlan8021Q.h">
      <Filter>include</Filter>
    </ClInclude>
    <ClInclude Include="..\..\src\VlanInfo.h">
      <Filter>include</Filter>
    </ClInclude>
    <ClInclude Include="..\..\src\VTP3CommonHeader.h">
      <Filter>include</Filter>
    </ClInclude>
    <ClInclude Include="..\..\src\VTP3Output.h">
      <Filter>include</Filter>
    </ClInclude>
  </ItemGroup>
  <ItemGroup>
    <ClCompile Include="..\..\src\AdvertRequestPacket.cpp">
      <Filter>src</Filter>
    </ClCompile>
    <ClCompile Include="..\..\src\Connection.cpp">
      <Filter>src</Filter>
    </ClCompile>
    <ClCompile Include="..\..\src\EthernetHeader.cpp">
      <Filter>src</Filter>
    </ClCompile>
    <ClCompile Include="..\..\src\FileUtility.cpp">
      <Filter>src</Filter>
    </ClCompile>
    <ClCompile Include="..\..\src\main.cpp">
      <Filter>src</Filter>
    </ClCompile>
    <ClCompile Include="..\..\src\PacketReceiving.cpp">
      <Filter>src</Filter>
    </ClCompile>
    <ClCompile Include="..\..\src\ReceivedPacketHandling.cpp">
      <Filter>src</Filter>
    </ClCompile>
    <ClCompile Include="..\..\src\SubsetAdvertPacket.cpp">
      <Filter>src</Filter>
    </ClCompile>
    <ClCompile Include="..\..\src\SummaryAdvertPacket.cpp">
      <Filter>src</Filter>
    </ClCompile>
    <ClCompile Include="..\..\src\Vlan8021Q.cpp">
      <Filter>src</Filter>
    </ClCompile>
    <ClCompile Include="..\..\src\VlanInfo.cpp">
      <Filter>src</Filter>
    </ClCompile>
    <ClCompile Include="..\..\src\VTP3CommonHeader.cpp">
      <Filter>src</Filter>
    </ClCompile>
    <ClCompile Include="..\..\src\VTP3Output.cpp">
      <Filter>src</Filter>
    </ClCompile>
  </ItemGroup>
</Project>